# THIS IS AN AUTOGENERATED FILE. DO NOT EDIT THIS FILE DIRECTLY.
# yarn lockfile v1


"@types/tone@Tonejs/TypeScript":
  version "0.1.0"
  resolved "https://codeload.github.com/Tonejs/TypeScript/tar.gz/b1c58ce720ec4e0085b2129b23aea5047e159432"

tone@^0.11.11:
  version "0.11.11"
  resolved "https://registry.yarnpkg.com/tone/-/tone-0.11.11.tgz#7af8521eba6df84a910d457485a13705f8c824e5"

typescript@^2.8.3:
  version "2.8.3"
  resolved "https://registry.yarnpkg.com/typescript/-/typescript-2.8.3.tgz#5d817f9b6f31bb871835f4edf0089f21abe6c170"
